// !$*UTF8*$!
{
	archiveVersion = 1;
	classes = {
	};
	objectVersion = 50;
	objects = {

/* Begin PBXBuildFile section */
		2315338D26BEBC1B007503D7 /* MenuViewController.swift in Sources */ = {isa = PBXBuildFile; fileRef = 2315338C26BEBC1B007503D7 /* MenuViewController.swift */; };
		2315339026BEBE8E007503D7 /* QuestionsViewController.swift in Sources */ = {isa = PBXBuildFile; fileRef = 2315338F26BEBE8E007503D7 /* QuestionsViewController.swift */; };
		2315339426BED637007503D7 /* Questions.swift in Sources */ = {isa = PBXBuildFile; fileRef = 2315339326BED637007503D7 /* Questions.swift */; };
		2315339726BEED92007503D7 /* Games.swift in Sources */ = {isa = PBXBuildFile; fileRef = 2315339626BEED92007503D7 /* Games.swift */; };
		2315339A26BEEE2A007503D7 /* GameSession.swift in Sources */ = {isa = PBXBuildFile; fileRef = 2315339926BEEE2A007503D7 /* GameSession.swift */; };
		2315339D26C05320007503D7 /* ResultsViewController.swift in Sources */ = {isa = PBXBuildFile; fileRef = 2315339C26C05320007503D7 /* ResultsViewController.swift */; };
		231533A726C05BE7007503D7 /* ResultTableViewCell.swift in Sources */ = {isa = PBXBuildFile; fileRef = 231533A526C05BE7007503D7 /* ResultTableViewCell.swift */; };
		231533A826C05BE7007503D7 /* ResultTableViewCell.xib in Resources */ = {isa = PBXBuildFile; fileRef = 231533A626C05BE7007503D7 /* ResultTableViewCell.xib */; };
		2317620E26C39FD1006B73BD /* Observer.swift in Sources */ = {isa = PBXBuildFile; fileRef = 2317620D26C39FD1006B73BD /* Observer.swift */; };
		2317621226C40C2A006B73BD /* AddQuestionsViewController.swift in Sources */ = {isa = PBXBuildFile; fileRef = 2317621126C40C2A006B73BD /* AddQuestionsViewController.swift */; };
		232848C826C2A26B00C0A27C /* SettingsViewController.swift in Sources */ = {isa = PBXBuildFile; fileRef = 232848C726C2A26B00C0A27C /* SettingsViewController.swift */; };
		232848CB26C2BA3D00C0A27C /* Order.swift in Sources */ = {isa = PBXBuildFile; fileRef = 232848CA26C2BA3D00C0A27C /* Order.swift */; };
		232848CE26C2BC5000C0A27C /* Results.swift in Sources */ = {isa = PBXBuildFile; fileRef = 232848CD26C2BC5000C0A27C /* Results.swift */; };
		232848D226C2BDBB00C0A27C /* OrderQuestionsStrategy.swift in Sources */ = {isa = PBXBuildFile; fileRef = 232848D126C2BDBB00C0A27C /* OrderQuestionsStrategy.swift */; };
		232848D526C2BE7200C0A27C /* NormalOrderQuestionsStrategy.swift in Sources */ = {isa = PBXBuildFile; fileRef = 232848D426C2BE7200C0A27C /* NormalOrderQuestionsStrategy.swift */; };
		232848D826C2BE7F00C0A27C /* RandomOrderQuestionsStrategy.swift in Sources */ = {isa = PBXBuildFile; fileRef = 232848D726C2BE7F00C0A27C /* RandomOrderQuestionsStrategy.swift */; };
		232848DB26C30CCD00C0A27C /* LoadData.swift in Sources */ = {isa = PBXBuildFile; fileRef = 232848DA26C30CCD00C0A27C /* LoadData.swift */; };
		232CD9E726BE996E00AE494E /* AppDelegate.swift in Sources */ = {isa = PBXBuildFile; fileRef = 232CD9E626BE996E00AE494E /* AppDelegate.swift */; };
		232CD9E926BE996E00AE494E /* SceneDelegate.swift in Sources */ = {isa = PBXBuildFile; fileRef = 232CD9E826BE996E00AE494E /* SceneDelegate.swift */; };
		232CD9EB26BE996E00AE494E /* StartViewController.swift in Sources */ = {isa = PBXBuildFile; fileRef = 232CD9EA26BE996E00AE494E /* StartViewController.swift */; };
		232CD9EE26BE996E00AE494E /* Main.storyboard in Resources */ = {isa = PBXBuildFile; fileRef = 232CD9EC26BE996E00AE494E /* Main.storyboard */; };
		232CD9F026BE997200AE494E /* Assets.xcassets in Resources */ = {isa = PBXBuildFile; fileRef = 232CD9EF26BE997200AE494E /* Assets.xcassets */; };
		232CD9F326BE997200AE494E /* LaunchScreen.storyboard in Resources */ = {isa = PBXBuildFile; fileRef = 232CD9F126BE997200AE494E /* LaunchScreen.storyboard */; };
		233E3D2126C4149F0040D3C4 /* NewQuestionsTableViewCell.swift in Sources */ = {isa = PBXBuildFile; fileRef = 233E3D1F26C4149F0040D3C4 /* NewQuestionsTableViewCell.swift */; };
		233E3D2226C4149F0040D3C4 /* NewQuestionsTableViewCell.xib in Resources */ = {isa = PBXBuildFile; fileRef = 233E3D2026C4149F0040D3C4 /* NewQuestionsTableViewCell.xib */; };
		233E3D2C26C52C8A0040D3C4 /* Builder.swift in Sources */ = {isa = PBXBuildFile; fileRef = 233E3D2B26C52C8A0040D3C4 /* Builder.swift */; };
		233E3D3026C541DA0040D3C4 /* GenerationArrayOfRandomNumbers.swift in Sources */ = {isa = PBXBuildFile; fileRef = 233E3D2F26C541DA0040D3C4 /* GenerationArrayOfRandomNumbers.swift */; };
		233E3D3526C567A50040D3C4 /* QuestionsCaretaker.swift in Sources */ = {isa = PBXBuildFile; fileRef = 233E3D3426C567A50040D3C4 /* QuestionsCaretaker.swift */; };
		235E1E4526C1199D0050C26D /* ResultsCaretaker.swift in Sources */ = {isa = PBXBuildFile; fileRef = 235E1E4426C1199D0050C26D /* ResultsCaretaker.swift */; };
/* End PBXBuildFile section */

/* Begin PBXFileReference section */
		2315338C26BEBC1B007503D7 /* MenuViewController.swift */ = {isa = PBXFileReference; lastKnownFileType = sourcecode.swift; path = MenuViewController.swift; sourceTree = "<group>"; };
		2315338F26BEBE8E007503D7 /* QuestionsViewController.swift */ = {isa = PBXFileReference; lastKnownFileType = sourcecode.swift; path = QuestionsViewController.swift; sourceTree = "<group>"; };
		2315339326BED637007503D7 /* Questions.swift */ = {isa = PBXFileReference; lastKnownFileType = sourcecode.swift; path = Questions.swift; sourceTree = "<group>"; };
		2315339626BEED92007503D7 /* Games.swift */ = {isa = PBXFileReference; lastKnownFileType = sourcecode.swift; path = Games.swift; sourceTree = "<group>"; };
		2315339926BEEE2A007503D7 /* GameSession.swift */ = {isa = PBXFileReference; lastKnownFileType = sourcecode.swift; path = GameSession.swift; sourceTree = "<group>"; };
		2315339C26C05320007503D7 /* ResultsViewController.swift */ = {isa = PBXFileReference; lastKnownFileType = sourcecode.swift; path = ResultsViewController.swift; sourceTree = "<group>"; };
		231533A526C05BE7007503D7 /* ResultTableViewCell.swift */ = {isa = PBXFileReference; lastKnownFileType = sourcecode.swift; path = ResultTableViewCell.swift; sourceTree = "<group>"; };
		231533A626C05BE7007503D7 /* ResultTableViewCell.xib */ = {isa = PBXFileReference; lastKnownFileType = file.xib; path = ResultTableViewCell.xib; sourceTree = "<group>"; };
		2317620D26C39FD1006B73BD /* Observer.swift */ = {isa = PBXFileReference; lastKnownFileType = sourcecode.swift; path = Observer.swift; sourceTree = "<group>"; };
		2317621126C40C2A006B73BD /* AddQuestionsViewController.swift */ = {isa = PBXFileReference; lastKnownFileType = sourcecode.swift; path = AddQuestionsViewController.swift; sourceTree = "<group>"; };
		232848C726C2A26B00C0A27C /* SettingsViewController.swift */ = {isa = PBXFileReference; lastKnownFileType = sourcecode.swift; path = SettingsViewController.swift; sourceTree = "<group>"; };
		232848CA26C2BA3D00C0A27C /* Order.swift */ = {isa = PBXFileReference; lastKnownFileType = sourcecode.swift; path = Order.swift; sourceTree = "<group>"; };
		232848CD26C2BC5000C0A27C /* Results.swift */ = {isa = PBXFileReference; lastKnownFileType = sourcecode.swift; path = Results.swift; sourceTree = "<group>"; };
		232848D126C2BDBB00C0A27C /* OrderQuestionsStrategy.swift */ = {isa = PBXFileReference; lastKnownFileType = sourcecode.swift; path = OrderQuestionsStrategy.swift; sourceTree = "<group>"; };
		232848D426C2BE7200C0A27C /* NormalOrderQuestionsStrategy.swift */ = {isa = PBXFileReference; lastKnownFileType = sourcecode.swift; path = NormalOrderQuestionsStrategy.swift; sourceTree = "<group>"; };
		232848D726C2BE7F00C0A27C /* RandomOrderQuestionsStrategy.swift */ = {isa = PBXFileReference; lastKnownFileType = sourcecode.swift; path = RandomOrderQuestionsStrategy.swift; sourceTree = "<group>"; };
		232848DA26C30CCD00C0A27C /* LoadData.swift */ = {isa = PBXFileReference; lastKnownFileType = sourcecode.swift; path = LoadData.swift; sourceTree = "<group>"; };
		232CD9E326BE996E00AE494E /* WhoWantsToBeAMillionaire.app */ = {isa = PBXFileReference; explicitFileType = wrapper.application; includeInIndex = 0; path = WhoWantsToBeAMillionaire.app; sourceTree = BUILT_PRODUCTS_DIR; };
		232CD9E626BE996E00AE494E /* AppDelegate.swift */ = {isa = PBXFileReference; lastKnownFileType = sourcecode.swift; path = AppDelegate.swift; sourceTree = "<group>"; };
		232CD9E826BE996E00AE494E /* SceneDelegate.swift */ = {isa = PBXFileReference; lastKnownFileType = sourcecode.swift; path = SceneDelegate.swift; sourceTree = "<group>"; };
		232CD9EA26BE996E00AE494E /* StartViewController.swift */ = {isa = PBXFileReference; lastKnownFileType = sourcecode.swift; path = StartViewController.swift; sourceTree = "<group>"; };
		232CD9ED26BE996E00AE494E /* Base */ = {isa = PBXFileReference; lastKnownFileType = file.storyboard; name = Base; path = Base.lproj/Main.storyboard; sourceTree = "<group>"; };
		232CD9EF26BE997200AE494E /* Assets.xcassets */ = {isa = PBXFileReference; lastKnownFileType = folder.assetcatalog; path = Assets.xcassets; sourceTree = "<group>"; };
		232CD9F226BE997200AE494E /* Base */ = {isa = PBXFileReference; lastKnownFileType = file.storyboard; name = Base; path = Base.lproj/LaunchScreen.storyboard; sourceTree = "<group>"; };
		232CD9F426BE997200AE494E /* Info.plist */ = {isa = PBXFileReference; lastKnownFileType = text.plist.xml; path = Info.plist; sourceTree = "<group>"; };
		233E3D1F26C4149F0040D3C4 /* NewQuestionsTableViewCell.swift */ = {isa = PBXFileReference; lastKnownFileType = sourcecode.swift; path = NewQuestionsTableViewCell.swift; sourceTree = "<group>"; };
		233E3D2026C4149F0040D3C4 /* NewQuestionsTableViewCell.xib */ = {isa = PBXFileReference; lastKnownFileType = file.xib; path = NewQuestionsTableViewCell.xib; sourceTree = "<group>"; };
		233E3D2B26C52C8A0040D3C4 /* Builder.swift */ = {isa = PBXFileReference; lastKnownFileType = sourcecode.swift; path = Builder.swift; sourceTree = "<group>"; };
		233E3D2F26C541DA0040D3C4 /* GenerationArrayOfRandomNumbers.swift */ = {isa = PBXFileReference; lastKnownFileType = sourcecode.swift; path = GenerationArrayOfRandomNumbers.swift; sourceTree = "<group>"; };
		233E3D3426C567A50040D3C4 /* QuestionsCaretaker.swift */ = {isa = PBXFileReference; lastKnownFileType = sourcecode.swift; path = QuestionsCaretaker.swift; sourceTree = "<group>"; };
		235E1E4426C1199D0050C26D /* ResultsCaretaker.swift */ = {isa = PBXFileReference; lastKnownFileType = sourcecode.swift; path = ResultsCaretaker.swift; sourceTree = "<group>"; };
/* End PBXFileReference section */

/* Begin PBXFrameworksBuildPhase section */
		232CD9E026BE996E00AE494E /* Frameworks */ = {
			isa = PBXFrameworksBuildPhase;
			buildActionMask = 2147483647;
			files = (
			);
			runOnlyForDeploymentPostprocessing = 0;
		};
/* End PBXFrameworksBuildPhase section */

/* Begin PBXGroup section */
		2315338B26BEBB72007503D7 /* Controllers */ = {
			isa = PBXGroup;
			children = (
				232CD9EA26BE996E00AE494E /* StartViewController.swift */,
				2315338C26BEBC1B007503D7 /* MenuViewController.swift */,
				2315338F26BEBE8E007503D7 /* QuestionsViewController.swift */,
				2315339C26C05320007503D7 /* ResultsViewController.swift */,
				232848C726C2A26B00C0A27C /* SettingsViewController.swift */,
				2317621126C40C2A006B73BD /* AddQuestionsViewController.swift */,
			);
			path = Controllers;
			sourceTree = "<group>";
		};
		2315339226BED620007503D7 /* Models */ = {
			isa = PBXGroup;
			children = (
				2315339326BED637007503D7 /* Questions.swift */,
				2315339626BEED92007503D7 /* Games.swift */,
				2315339926BEEE2A007503D7 /* GameSession.swift */,
				232848CA26C2BA3D00C0A27C /* Order.swift */,
				232848CD26C2BC5000C0A27C /* Results.swift */,
			);
			path = Models;
			sourceTree = "<group>";
		};
		2315339F26C05B5B007503D7 /* Reusable */ = {
			isa = PBXGroup;
			children = (
				231533A526C05BE7007503D7 /* ResultTableViewCell.swift */,
				231533A626C05BE7007503D7 /* ResultTableViewCell.xib */,
				233E3D1F26C4149F0040D3C4 /* NewQuestionsTableViewCell.swift */,
				233E3D2026C4149F0040D3C4 /* NewQuestionsTableViewCell.xib */,
			);
			path = Reusable;
			sourceTree = "<group>";
		};
		2317620C26C39FC1006B73BD /* Observer */ = {
			isa = PBXGroup;
			children = (
				2317620D26C39FD1006B73BD /* Observer.swift */,
			);
			path = Observer;
			sourceTree = "<group>";
		};
		232848D026C2BD4E00C0A27C /* Strategy */ = {
			isa = PBXGroup;
			children = (
				232848D126C2BDBB00C0A27C /* OrderQuestionsStrategy.swift */,
				232848D426C2BE7200C0A27C /* NormalOrderQuestionsStrategy.swift */,
				232848D726C2BE7F00C0A27C /* RandomOrderQuestionsStrategy.swift */,
			);
			path = Strategy;
			sourceTree = "<group>";
		};
		232CD9DA26BE996E00AE494E = {
			isa = PBXGroup;
			children = (
				232CD9E526BE996E00AE494E /* WhoWantsToBeAMillionaire */,
				232CD9E426BE996E00AE494E /* Products */,
			);
			sourceTree = "<group>";
		};
		232CD9E426BE996E00AE494E /* Products */ = {
			isa = PBXGroup;
			children = (
				232CD9E326BE996E00AE494E /* WhoWantsToBeAMillionaire.app */,
			);
			name = Products;
			sourceTree = "<group>";
		};
		232CD9E526BE996E00AE494E /* WhoWantsToBeAMillionaire */ = {
			isa = PBXGroup;
			children = (
				233E3D3326C567780040D3C4 /* Memento */,
				233E3D2E26C541AE0040D3C4 /* SecondaryFanctions */,
				233E3D2A26C52C540040D3C4 /* Builder */,
				2317620C26C39FC1006B73BD /* Observer */,
				232848D026C2BD4E00C0A27C /* Strategy */,
				2315339226BED620007503D7 /* Models */,
				2315338B26BEBB72007503D7 /* Controllers */,
				2315339F26C05B5B007503D7 /* Reusable */,
				232CD9E626BE996E00AE494E /* AppDelegate.swift */,
				232CD9E826BE996E00AE494E /* SceneDelegate.swift */,
				232CD9EC26BE996E00AE494E /* Main.storyboard */,
				232CD9EF26BE997200AE494E /* Assets.xcassets */,
				232CD9F126BE997200AE494E /* LaunchScreen.storyboard */,
				232CD9F426BE997200AE494E /* Info.plist */,
			);
			path = WhoWantsToBeAMillionaire;
			sourceTree = "<group>";
		};
		233E3D2A26C52C540040D3C4 /* Builder */ = {
			isa = PBXGroup;
			children = (
				233E3D2B26C52C8A0040D3C4 /* Builder.swift */,
			);
			path = Builder;
			sourceTree = "<group>";
		};
		233E3D2E26C541AE0040D3C4 /* SecondaryFanctions */ = {
			isa = PBXGroup;
			children = (
				233E3D2F26C541DA0040D3C4 /* GenerationArrayOfRandomNumbers.swift */,
				232848DA26C30CCD00C0A27C /* LoadData.swift */,
			);
			path = SecondaryFanctions;
			sourceTree = "<group>";
		};
		233E3D3326C567780040D3C4 /* Memento */ = {
			isa = PBXGroup;
			children = (
				235E1E4426C1199D0050C26D /* ResultsCaretaker.swift */,
				233E3D3426C567A50040D3C4 /* QuestionsCaretaker.swift */,
			);
			path = Memento;
			sourceTree = "<group>";
		};
/* End PBXGroup section */

/* Begin PBXNativeTarget section */
		232CD9E226BE996E00AE494E /* WhoWantsToBeAMillionaire */ = {
			isa = PBXNativeTarget;
			buildConfigurationList = 232CD9F726BE997200AE494E /* Build configuration list for PBXNativeTarget "WhoWantsToBeAMillionaire" */;
			buildPhases = (
				232CD9DF26BE996E00AE494E /* Sources */,
				232CD9E026BE996E00AE494E /* Frameworks */,
				232CD9E126BE996E00AE494E /* Resources */,
			);
			buildRules = (
			);
			dependencies = (
			);
			name = WhoWantsToBeAMillionaire;
			productName = WhoWantsToBeAMillionaire;
			productReference = 232CD9E326BE996E00AE494E /* WhoWantsToBeAMillionaire.app */;
			productType = "com.apple.product-type.application";
		};
/* End PBXNativeTarget section */

/* Begin PBXProject section */
		232CD9DB26BE996E00AE494E /* Project object */ = {
			isa = PBXProject;
			attributes = {
				LastSwiftUpdateCheck = 1240;
				LastUpgradeCheck = 1240;
				TargetAttributes = {
					232CD9E226BE996E00AE494E = {
						CreatedOnToolsVersion = 12.4;
					};
				};
			};
			buildConfigurationList = 232CD9DE26BE996E00AE494E /* Build configuration list for PBXProject "WhoWantsToBeAMillionaire" */;
			compatibilityVersion = "Xcode 9.3";
			developmentRegion = en;
			hasScannedForEncodings = 0;
			knownRegions = (
				en,
				Base,
			);
			mainGroup = 232CD9DA26BE996E00AE494E;
			productRefGroup = 232CD9E426BE996E00AE494E /* Products */;
			projectDirPath = "";
			projectRoot = "";
			targets = (
				232CD9E226BE996E00AE494E /* WhoWantsToBeAMillionaire */,
			);
		};
/* End PBXProject section */

/* Begin PBXResourcesBuildPhase section */
		232CD9E126BE996E00AE494E /* Resources */ = {
			isa = PBXResourcesBuildPhase;
			buildActionMask = 2147483647;
			files = (
				232CD9F326BE997200AE494E /* LaunchScreen.storyboard in Resources */,
				233E3D2226C4149F0040D3C4 /* NewQuestionsTableViewCell.xib in Resources */,
				232CD9F026BE997200AE494E /* Assets.xcassets in Resources */,
				231533A826C05BE7007503D7 /* ResultTableViewCell.xib in Resources */,
				232CD9EE26BE996E00AE494E /* Main.storyboard in Resources */,
			);
			runOnlyForDeploymentPostprocessing = 0;
		};
/* End PBXResourcesBuildPhase section */

/* Begin PBXSourcesBuildPhase section */
		232CD9DF26BE996E00AE494E /* Sources */ = {
			isa = PBXSourcesBuildPhase;
			buildActionMask = 2147483647;
			files = (
				232848D526C2BE7200C0A27C /* NormalOrderQuestionsStrategy.swift in Sources */,
				2315338D26BEBC1B007503D7 /* MenuViewController.swift in Sources */,
				232CD9EB26BE996E00AE494E /* StartViewController.swift in Sources */,
				233E3D2C26C52C8A0040D3C4 /* Builder.swift in Sources */,
				2315339A26BEEE2A007503D7 /* GameSession.swift in Sources */,
				2315339D26C05320007503D7 /* ResultsViewController.swift in Sources */,
				2315339026BEBE8E007503D7 /* QuestionsViewController.swift in Sources */,
				2315339726BEED92007503D7 /* Games.swift in Sources */,
				233E3D3526C567A50040D3C4 /* QuestionsCaretaker.swift in Sources */,
				2315339426BED637007503D7 /* Questions.swift in Sources */,
				232848D226C2BDBB00C0A27C /* OrderQuestionsStrategy.swift in Sources */,
				2317620E26C39FD1006B73BD /* Observer.swift in Sources */,
				232CD9E726BE996E00AE494E /* AppDelegate.swift in Sources */,
				232848D826C2BE7F00C0A27C /* RandomOrderQuestionsStrategy.swift in Sources */,
				231533A726C05BE7007503D7 /* ResultTableViewCell.swift in Sources */,
				232CD9E926BE996E00AE494E /* SceneDelegate.swift in Sources */,
				232848CE26C2BC5000C0A27C /* Results.swift in Sources */,
				233E3D2126C4149F0040D3C4 /* NewQuestionsTableViewCell.swift in Sources */,
				232848CB26C2BA3D00C0A27C /* Order.swift in Sources */,
				2317621226C40C2A006B73BD /* AddQuestionsViewController.swift in Sources */,
				235E1E4526C1199D0050C26D /* ResultsCaretaker.swift in Sources */,
				232848C826C2A26B00C0A27C /* SettingsViewController.swift in Sources */,
				233E3D3026C541DA0040D3C4 /* GenerationArrayOfRandomNumbers.swift in Sources */,
				232848DB26C30CCD00C0A27C /* LoadData.swift in Sources */,
			);
			runOnlyForDeploymentPostprocessing = 0;
		};
/* End PBXSourcesBuildPhase section */

/* Begin PBXVariantGroup section */
		232CD9EC26BE996E00AE494E /* Main.storyboard */ = {
			isa = PBXVariantGroup;
			children = (
				232CD9ED26BE996E00AE494E /* Base */,
			);
			name = Main.storyboard;
			sourceTree = "<group>";
		};
		232CD9F126BE997200AE494E /* LaunchScreen.storyboard */ = {
			isa = PBXVariantGroup;
			children = (
				232CD9F226BE997200AE494E /* Base */,
			);
			name = LaunchScreen.storyboard;
			sourceTree = "<group>";
		};
/* End PBXVariantGroup section */

/* Begin XCBuildConfiguration section */
		232CD9F526BE997200AE494E /* Debug */ = {
			isa = XCBuildConfiguration;
			buildSettings = {
				ALWAYS_SEARCH_USER_PATHS = NO;
				CLANG_ANALYZER_NONNULL = YES;
				CLANG_ANALYZER_NUMBER_OBJECT_CONVERSION = YES_AGGRESSIVE;
				CLANG_CXX_LANGUAGE_STANDARD = "gnu++14";
				CLANG_CXX_LIBRARY = "libc++";
				CLANG_ENABLE_MODULES = YES;
				CLANG_ENABLE_OBJC_ARC = YES;
				CLANG_ENABLE_OBJC_WEAK = YES;
				CLANG_WARN_BLOCK_CAPTURE_AUTORELEASING = YES;
				CLANG_WARN_BOOL_CONVERSION = YES;
				CLANG_WARN_COMMA = YES;
				CLANG_WARN_CONSTANT_CONVERSION = YES;
				CLANG_WARN_DEPRECATED_OBJC_IMPLEMENTATIONS = YES;
				CLANG_WARN_DIRECT_OBJC_ISA_USAGE = YES_ERROR;
				CLANG_WARN_DOCUMENTATION_COMMENTS = YES;
				CLANG_WARN_EMPTY_BODY = YES;
				CLANG_WARN_ENUM_CONVERSION = YES;
				CLANG_WARN_INFINITE_RECURSION = YES;
				CLANG_WARN_INT_CONVERSION = YES;
				CLANG_WARN_NON_LITERAL_NULL_CONVERSION = YES;
				CLANG_WARN_OBJC_IMPLICIT_RETAIN_SELF = YES;
				CLANG_WARN_OBJC_LITERAL_CONVERSION = YES;
				CLANG_WARN_OBJC_ROOT_CLASS = YES_ERROR;
				CLANG_WARN_QUOTED_INCLUDE_IN_FRAMEWORK_HEADER = YES;
				CLANG_WARN_RANGE_LOOP_ANALYSIS = YES;
				CLANG_WARN_STRICT_PROTOTYPES = YES;
				CLANG_WARN_SUSPICIOUS_MOVE = YES;
				CLANG_WARN_UNGUARDED_AVAILABILITY = YES_AGGRESSIVE;
				CLANG_WARN_UNREACHABLE_CODE = YES;
				CLANG_WARN__DUPLICATE_METHOD_MATCH = YES;
				COPY_PHASE_STRIP = NO;
				DEBUG_INFORMATION_FORMAT = dwarf;
				ENABLE_STRICT_OBJC_MSGSEND = YES;
				ENABLE_TESTABILITY = YES;
				GCC_C_LANGUAGE_STANDARD = gnu11;
				GCC_DYNAMIC_NO_PIC = NO;
				GCC_NO_COMMON_BLOCKS = YES;
				GCC_OPTIMIZATION_LEVEL = 0;
				GCC_PREPROCESSOR_DEFINITIONS = (
					"DEBUG=1",
					"$(inherited)",
				);
				GCC_WARN_64_TO_32_BIT_CONVERSION = YES;
				GCC_WARN_ABOUT_RETURN_TYPE = YES_ERROR;
				GCC_WARN_UNDECLARED_SELECTOR = YES;
				GCC_WARN_UNINITIALIZED_AUTOS = YES_AGGRESSIVE;
				GCC_WARN_UNUSED_FUNCTION = YES;
				GCC_WARN_UNUSED_VARIABLE = YES;
				IPHONEOS_DEPLOYMENT_TARGET = 14.4;
				MTL_ENABLE_DEBUG_INFO = INCLUDE_SOURCE;
				MTL_FAST_MATH = YES;
				ONLY_ACTIVE_ARCH = YES;
				SDKROOT = iphoneos;
				SWIFT_ACTIVE_COMPILATION_CONDITIONS = DEBUG;
				SWIFT_OPTIMIZATION_LEVEL = "-Onone";
			};
			name = Debug;
		};
		232CD9F626BE997200AE494E /* Release */ = {
			isa = XCBuildConfiguration;
			buildSettings = {
				ALWAYS_SEARCH_USER_PATHS = NO;
				CLANG_ANALYZER_NONNULL = YES;
				CLANG_ANALYZER_NUMBER_OBJECT_CONVERSION = YES_AGGRESSIVE;
				CLANG_CXX_LANGUAGE_STANDARD = "gnu++14";
				CLANG_CXX_LIBRARY = "libc++";
				CLANG_ENABLE_MODULES = YES;
				CLANG_ENABLE_OBJC_ARC = YES;
				CLANG_ENABLE_OBJC_WEAK = YES;
				CLANG_WARN_BLOCK_CAPTURE_AUTORELEASING = YES;
				CLANG_WARN_BOOL_CONVERSION = YES;
				CLANG_WARN_COMMA = YES;
				CLANG_WARN_CONSTANT_CONVERSION = YES;
				CLANG_WARN_DEPRECATED_OBJC_IMPLEMENTATIONS = YES;
				CLANG_WARN_DIRECT_OBJC_ISA_USAGE = YES_ERROR;
				CLANG_WARN_DOCUMENTATION_COMMENTS = YES;
				CLANG_WARN_EMPTY_BODY = YES;
				CLANG_WARN_ENUM_CONVERSION = YES;
				CLANG_WARN_INFINITE_RECURSION = YES;
				CLANG_WARN_INT_CONVERSION = YES;
				CLANG_WARN_NON_LITERAL_NULL_CONVERSION = YES;
				CLANG_WARN_OBJC_IMPLICIT_RETAIN_SELF = YES;
				CLANG_WARN_OBJC_LITERAL_CONVERSION = YES;
				CLANG_WARN_OBJC_ROOT_CLASS = YES_ERROR;
				CLANG_WARN_QUOTED_INCLUDE_IN_FRAMEWORK_HEADER = YES;
				CLANG_WARN_RANGE_LOOP_ANALYSIS = YES;
				CLANG_WARN_STRICT_PROTOTYPES = YES;
				CLANG_WARN_SUSPICIOUS_MOVE = YES;
				CLANG_WARN_UNGUARDED_AVAILABILITY = YES_AGGRESSIVE;
				CLANG_WARN_UNREACHABLE_CODE = YES;
				CLANG_WARN__DUPLICATE_METHOD_MATCH = YES;
				COPY_PHASE_STRIP = NO;
				DEBUG_INFORMATION_FORMAT = "dwarf-with-dsym";
				ENABLE_NS_ASSERTIONS = NO;
				ENABLE_STRICT_OBJC_MSGSEND = YES;
				GCC_C_LANGUAGE_STANDARD = gnu11;
				GCC_NO_COMMON_BLOCKS = YES;
				GCC_WARN_64_TO_32_BIT_CONVERSION = YES;
				GCC_WARN_ABOUT_RETURN_TYPE = YES_ERROR;
				GCC_WARN_UNDECLARED_SELECTOR = YES;
				GCC_WARN_UNINITIALIZED_AUTOS = YES_AGGRESSIVE;
				GCC_WARN_UNUSED_FUNCTION = YES;
				GCC_WARN_UNUSED_VARIABLE = YES;
				IPHONEOS_DEPLOYMENT_TARGET = 14.4;
				MTL_ENABLE_DEBUG_INFO = NO;
				MTL_FAST_MATH = YES;
				SDKROOT = iphoneos;
				SWIFT_COMPILATION_MODE = wholemodule;
				SWIFT_OPTIMIZATION_LEVEL = "-O";
				VALIDATE_PRODUCT = YES;
			};
			name = Release;
		};
		232CD9F826BE997200AE494E /* Debug */ = {
			isa = XCBuildConfiguration;
			buildSettings = {
				ASSETCATALOG_COMPILER_APPICON_NAME = AppIcon;
				ASSETCATALOG_COMPILER_GLOBAL_ACCENT_COLOR_NAME = AccentColor;
				CODE_SIGN_STYLE = Automatic;
				INFOPLIST_FILE = WhoWantsToBeAMillionaire/Info.plist;
				LD_RUNPATH_SEARCH_PATHS = (
					"$(inherited)",
					"@executable_path/Frameworks",
				);
				PRODUCT_BUNDLE_IDENTIFIER = Eduard.WhoWantsToBeAMillionaire;
				PRODUCT_NAME = "$(TARGET_NAME)";
				SWIFT_VERSION = 5.0;
				TARGETED_DEVICE_FAMILY = "1,2";
			};
			name = Debug;
		};
		232CD9F926BE997200AE494E /* Release */ = {
			isa = XCBuildConfiguration;
			buildSettings = {
				ASSETCATALOG_COMPILER_APPICON_NAME = AppIcon;
				ASSETCATALOG_COMPILER_GLOBAL_ACCENT_COLOR_NAME = AccentColor;
				CODE_SIGN_STYLE = Automatic;
				INFOPLIST_FILE = WhoWantsToBeAMillionaire/Info.plist;
				LD_RUNPATH_SEARCH_PATHS = (
					"$(inherited)",
					"@executable_path/Frameworks",
				);
				PRODUCT_BUNDLE_IDENTIFIER = Eduard.WhoWantsToBeAMillionaire;
				PRODUCT_NAME = "$(TARGET_NAME)";
				SWIFT_VERSION = 5.0;
				TARGETED_DEVICE_FAMILY = "1,2";
			};
			name = Release;
		};
/* End XCBuildConfiguration section */

/* Begin XCConfigurationList section */
		232CD9DE26BE996E00AE494E /* Build configuration list for PBXProject "WhoWantsToBeAMillionaire" */ = {
			isa = XCConfigurationList;
			buildConfigurations = (
				232CD9F526BE997200AE494E /* Debug */,
				232CD9F626BE997200AE494E /* Release */,
			);
			defaultConfigurationIsVisible = 0;
			defaultConfigurationName = Release;
		};
		232CD9F726BE997200AE494E /* Build configuration list for PBXNativeTarget "WhoWantsToBeAMillionaire" */ = {
			isa = XCConfigurationList;
			buildConfigurations = (
				232CD9F826BE997200AE494E /* Debug */,
				232CD9F926BE997200AE494E /* Release */,
			);
			defaultConfigurationIsVisible = 0;
			defaultConfigurationName = Release;
		};
/* End XCConfigurationList section */
	};
	rootObject = 232CD9DB26BE996E00AE494E /* Project object */;
}
